{
  "name": "sproject",
  "lockfileVersion": 2,
  "requires": true,
  "packages": {
    "": {
      "dependencies": {
        "animate.css": "^4.1.1"
      }
    },
    "node_modules/animate.css": {
      "version": "4.1.1",
      "license": "MIT"
    }
  },
  "dependencies": {
    "animate.css": {
      "version": "4.1.1"
    }
  }
}
